
Microsoft Visual Studio Solution File, Format Version 12.00
# Visual Studio Version 17
VisualStudioVersion = 17.0.31919.166
MinimumVisualStudioVersion = 10.0.40219.1
Project("{FAE04EC0-301F-11D3-BF4B-00C04F79EFBC}") = "OdetoFood.web", "OdetoFood.web\OdetoFood.web.csproj", "{AFFEDDBA-BA22-4F3D-B164-FAD4EFF85B91}"
EndProject
Project("{FAE04EC0-301F-11D3-BF4B-00C04F79EFBC}") = "OdetoFood.data", "OdetoFood.data\OdetoFood.data.csproj", "{CAB33048-2757-40F7-B11E-9D012E106298}"
EndProject
Global
	GlobalSection(SolutionConfigurationPlatforms) = preSolution
		Debug|Any CPU = Debug|Any CPU
		Release|Any CPU = Release|Any CPU
	EndGlobalSection
	GlobalSection(ProjectConfigurationPlatforms) = postSolution
		{AFFEDDBA-BA22-4F3D-B164-FAD4EFF85B91}.Debug|Any CPU.ActiveCfg = Debug|Any CPU
		{AFFEDDBA-BA22-4F3D-B164-FAD4EFF85B91}.Debug|Any CPU.Build.0 = Debug|Any CPU
		{AFFEDDBA-BA22-4F3D-B164-FAD4EFF85B91}.Release|Any CPU.ActiveCfg = Release|Any CPU
		{AFFEDDBA-BA22-4F3D-B164-FAD4EFF85B91}.Release|Any CPU.Build.0 = Release|Any CPU
		{CAB33048-2757-40F7-B11E-9D012E106298}.Debug|Any CPU.ActiveCfg = Debug|Any CPU
		{CAB33048-2757-40F7-B11E-9D012E106298}.Debug|Any CPU.Build.0 = Debug|Any CPU
		{CAB33048-2757-40F7-B11E-9D012E106298}.Release|Any CPU.ActiveCfg = Release|Any CPU
		{CAB33048-2757-40F7-B11E-9D012E106298}.Release|Any CPU.Build.0 = Release|Any CPU
	EndGlobalSection
	GlobalSection(SolutionProperties) = preSolution
		HideSolutionNode = FALSE
	EndGlobalSection
	GlobalSection(ExtensibilityGlobals) = postSolution
		SolutionGuid = {1CF7CF41-872F-4255-B536-3F1C3AA96380}
	EndGlobalSection
EndGlobal
